
Microsoft Visual Studio Solution File, Format Version 12.00
# Visual Studio Version 17
VisualStudioVersion = 17.2.32630.192
MinimumVisualStudioVersion = 10.0.40219.1
Project("{FAE04EC0-301F-11D3-BF4B-00C04F79EFBC}") = "CacheamentoDeDados.Android", "CacheamentoDeDados\CacheamentoDeDados.Android\CacheamentoDeDados.Android.csproj", "{C1D29A23-66AA-4376-944D-7618B9AA01B7}"
EndProject
Project("{FAE04EC0-301F-11D3-BF4B-00C04F79EFBC}") = "CacheamentoDeDados", "CacheamentoDeDados\CacheamentoDeDados\CacheamentoDeDados.csproj", "{1527F68D-77D2-495B-9527-78CB624929E0}"
EndProject
Global
	GlobalSection(SolutionConfigurationPlatforms) = preSolution
		Debug|Any CPU = Debug|Any CPU
		Release|Any CPU = Release|Any CPU
	EndGlobalSection
	GlobalSection(ProjectConfigurationPlatforms) = postSolution
		{C1D29A23-66AA-4376-944D-7618B9AA01B7}.Debug|Any CPU.ActiveCfg = Debug|Any CPU
		{C1D29A23-66AA-4376-944D-7618B9AA01B7}.Debug|Any CPU.Build.0 = Debug|Any CPU
		{C1D29A23-66AA-4376-944D-7618B9AA01B7}.Debug|Any CPU.Deploy.0 = Debug|Any CPU
		{C1D29A23-66AA-4376-944D-7618B9AA01B7}.Release|Any CPU.ActiveCfg = Release|Any CPU
		{C1D29A23-66AA-4376-944D-7618B9AA01B7}.Release|Any CPU.Build.0 = Release|Any CPU
		{C1D29A23-66AA-4376-944D-7618B9AA01B7}.Release|Any CPU.Deploy.0 = Release|Any CPU
		{1527F68D-77D2-495B-9527-78CB624929E0}.Debug|Any CPU.ActiveCfg = Debug|Any CPU
		{1527F68D-77D2-495B-9527-78CB624929E0}.Debug|Any CPU.Build.0 = Debug|Any CPU
		{1527F68D-77D2-495B-9527-78CB624929E0}.Debug|Any CPU.Deploy.0 = Debug|Any CPU
		{1527F68D-77D2-495B-9527-78CB624929E0}.Release|Any CPU.ActiveCfg = Release|Any CPU
		{1527F68D-77D2-495B-9527-78CB624929E0}.Release|Any CPU.Build.0 = Release|Any CPU
		{1527F68D-77D2-495B-9527-78CB624929E0}.Release|Any CPU.Deploy.0 = Release|Any CPU
	EndGlobalSection
	GlobalSection(SolutionProperties) = preSolution
		HideSolutionNode = FALSE
	EndGlobalSection
	GlobalSection(ExtensibilityGlobals) = postSolution
		SolutionGuid = {5498174A-B06A-4CBD-BE3A-72977F41E878}
	EndGlobalSection
EndGlobal
